
Microsoft Visual Studio Solution File, Format Version 12.00
# Visual Studio Version 17
VisualStudioVersion = 17.4.33122.133
MinimumVisualStudioVersion = 10.0.40219.1
Project("{9A19103F-16F7-4668-BE54-9A1E7A4F7556}") = "Tekton.Service.WebApi", "Tekton.Service.WebApi\Tekton.Service.WebApi.csproj", "{3ACEF9EF-DEA7-45B8-A859-B1359874D531}"
EndProject
Project("{2150E333-8FDC-42A3-9474-1A3956D46DE8}") = "Servicio", "Servicio", "{DE406FD5-8DB2-48BC-BF49-998A8C51843A}"
EndProject
Project("{2150E333-8FDC-42A3-9474-1A3956D46DE8}") = "Dominio", "Dominio", "{8CE70DEF-44C1-474D-A526-2C9EE70BEF21}"
EndProject
Project("{9A19103F-16F7-4668-BE54-9A1E7A4F7556}") = "Tekton.Domain", "Tekton.Domain\Tekton.Domain.csproj", "{276A44E0-0D42-48BC-9E24-55DFC0C9E6DF}"
EndProject
Project("{2150E333-8FDC-42A3-9474-1A3956D46DE8}") = "Infraestructura", "Infraestructura", "{3D1B2952-28E4-47B0-8023-0623787DBDC9}"
EndProject
Project("{9A19103F-16F7-4668-BE54-9A1E7A4F7556}") = "Tekton.Persistence", "Tekton.Persistence\Tekton.Persistence.csproj", "{3FCAF3ED-8915-46F7-A490-F92DA43812B6}"
EndProject
Project("{2150E333-8FDC-42A3-9474-1A3956D46DE8}") = "Aplicacion", "Aplicacion", "{D3AF49A1-F080-416F-9481-A2B0DF22D475}"
EndProject
Project("{FAE04EC0-301F-11D3-BF4B-00C04F79EFBC}") = "Tekton.Application.Interface", "Tekton.Interface\Tekton.Application.Interface.csproj", "{96685A15-433A-4632-9A80-C954C1C59814}"
EndProject
Project("{2150E333-8FDC-42A3-9474-1A3956D46DE8}") = "Transversal", "Transversal", "{3F00134F-F58F-47EA-928B-D49E44C97F83}"
EndProject
Project("{FAE04EC0-301F-11D3-BF4B-00C04F79EFBC}") = "Tekton.Transversal.Common", "Tekton.Transversal.Common\Tekton.Transversal.Common.csproj", "{C52386CD-CAF4-4F88-9389-2666680947FD}"
EndProject
Project("{FAE04EC0-301F-11D3-BF4B-00C04F79EFBC}") = "Tekton.Application.UseCases", "Tekton.Application.UseCases\Tekton.Application.UseCases.csproj", "{29BB3363-9ECD-4133-A166-AB1F5EDBEA6C}"
EndProject
Global
	GlobalSection(SolutionConfigurationPlatforms) = preSolution
		Debug|Any CPU = Debug|Any CPU
		Release|Any CPU = Release|Any CPU
	EndGlobalSection
	GlobalSection(ProjectConfigurationPlatforms) = postSolution
		{3ACEF9EF-DEA7-45B8-A859-B1359874D531}.Debug|Any CPU.ActiveCfg = Debug|Any CPU
		{3ACEF9EF-DEA7-45B8-A859-B1359874D531}.Debug|Any CPU.Build.0 = Debug|Any CPU
		{3ACEF9EF-DEA7-45B8-A859-B1359874D531}.Release|Any CPU.ActiveCfg = Release|Any CPU
		{3ACEF9EF-DEA7-45B8-A859-B1359874D531}.Release|Any CPU.Build.0 = Release|Any CPU
		{276A44E0-0D42-48BC-9E24-55DFC0C9E6DF}.Debug|Any CPU.ActiveCfg = Debug|Any CPU
		{276A44E0-0D42-48BC-9E24-55DFC0C9E6DF}.Debug|Any CPU.Build.0 = Debug|Any CPU
		{276A44E0-0D42-48BC-9E24-55DFC0C9E6DF}.Release|Any CPU.ActiveCfg = Release|Any CPU
		{276A44E0-0D42-48BC-9E24-55DFC0C9E6DF}.Release|Any CPU.Build.0 = Release|Any CPU
		{3FCAF3ED-8915-46F7-A490-F92DA43812B6}.Debug|Any CPU.ActiveCfg = Debug|Any CPU
		{3FCAF3ED-8915-46F7-A490-F92DA43812B6}.Debug|Any CPU.Build.0 = Debug|Any CPU
		{3FCAF3ED-8915-46F7-A490-F92DA43812B6}.Release|Any CPU.ActiveCfg = Release|Any CPU
		{3FCAF3ED-8915-46F7-A490-F92DA43812B6}.Release|Any CPU.Build.0 = Release|Any CPU
		{96685A15-433A-4632-9A80-C954C1C59814}.Debug|Any CPU.ActiveCfg = Debug|Any CPU
		{96685A15-433A-4632-9A80-C954C1C59814}.Debug|Any CPU.Build.0 = Debug|Any CPU
		{96685A15-433A-4632-9A80-C954C1C59814}.Release|Any CPU.ActiveCfg = Release|Any CPU
		{96685A15-433A-4632-9A80-C954C1C59814}.Release|Any CPU.Build.0 = Release|Any CPU
		{C52386CD-CAF4-4F88-9389-2666680947FD}.Debug|Any CPU.ActiveCfg = Debug|Any CPU
		{C52386CD-CAF4-4F88-9389-2666680947FD}.Debug|Any CPU.Build.0 = Debug|Any CPU
		{C52386CD-CAF4-4F88-9389-2666680947FD}.Release|Any CPU.ActiveCfg = Release|Any CPU
		{C52386CD-CAF4-4F88-9389-2666680947FD}.Release|Any CPU.Build.0 = Release|Any CPU
		{29BB3363-9ECD-4133-A166-AB1F5EDBEA6C}.Debug|Any CPU.ActiveCfg = Debug|Any CPU
		{29BB3363-9ECD-4133-A166-AB1F5EDBEA6C}.Debug|Any CPU.Build.0 = Debug|Any CPU
		{29BB3363-9ECD-4133-A166-AB1F5EDBEA6C}.Release|Any CPU.ActiveCfg = Release|Any CPU
		{29BB3363-9ECD-4133-A166-AB1F5EDBEA6C}.Release|Any CPU.Build.0 = Release|Any CPU
	EndGlobalSection
	GlobalSection(SolutionProperties) = preSolution
		HideSolutionNode = FALSE
	EndGlobalSection
	GlobalSection(NestedProjects) = preSolution
		{3ACEF9EF-DEA7-45B8-A859-B1359874D531} = {DE406FD5-8DB2-48BC-BF49-998A8C51843A}
		{276A44E0-0D42-48BC-9E24-55DFC0C9E6DF} = {8CE70DEF-44C1-474D-A526-2C9EE70BEF21}
		{3FCAF3ED-8915-46F7-A490-F92DA43812B6} = {3D1B2952-28E4-47B0-8023-0623787DBDC9}
		{96685A15-433A-4632-9A80-C954C1C59814} = {D3AF49A1-F080-416F-9481-A2B0DF22D475}
		{C52386CD-CAF4-4F88-9389-2666680947FD} = {3F00134F-F58F-47EA-928B-D49E44C97F83}
		{29BB3363-9ECD-4133-A166-AB1F5EDBEA6C} = {D3AF49A1-F080-416F-9481-A2B0DF22D475}
	EndGlobalSection
	GlobalSection(ExtensibilityGlobals) = postSolution
		SolutionGuid = {A2449E92-26EA-4E18-821B-30CE8D701218}
	EndGlobalSection
EndGlobal
